
Microsoft Visual Studio Solution File, Format Version 12.00
# Visual Studio 2012
Project("{FAE04EC0-301F-11D3-BF4B-00C04F79EFBC}") = "LINQPadLog4jDriver", "LINQPadLog4jDriver\LINQPadLog4jDriver.csproj", "{7754A83C-72BE-4A9F-A59E-A2815C4CAB84}"
EndProject
Project("{FAE04EC0-301F-11D3-BF4B-00C04F79EFBC}") = "LINQPadLog4jDriver.Package", "LINQPadLog4jDriver.Package\LINQPadLog4jDriver.Package.csproj", "{0D38E57F-3588-4CD5-9C92-A7A0CB4D097A}"
EndProject
Global
	GlobalSection(SolutionConfigurationPlatforms) = preSolution
		Debug|Any CPU = Debug|Any CPU
		Release|Any CPU = Release|Any CPU
	EndGlobalSection
	GlobalSection(ProjectConfigurationPlatforms) = postSolution
		{7754A83C-72BE-4A9F-A59E-A2815C4CAB84}.Debug|Any CPU.ActiveCfg = Debug|Any CPU
		{7754A83C-72BE-4A9F-A59E-A2815C4CAB84}.Debug|Any CPU.Build.0 = Debug|Any CPU
		{7754A83C-72BE-4A9F-A59E-A2815C4CAB84}.Release|Any CPU.ActiveCfg = Release|Any CPU
		{7754A83C-72BE-4A9F-A59E-A2815C4CAB84}.Release|Any CPU.Build.0 = Release|Any CPU
		{0D38E57F-3588-4CD5-9C92-A7A0CB4D097A}.Debug|Any CPU.ActiveCfg = Debug|Any CPU
		{0D38E57F-3588-4CD5-9C92-A7A0CB4D097A}.Debug|Any CPU.Build.0 = Debug|Any CPU
		{0D38E57F-3588-4CD5-9C92-A7A0CB4D097A}.Release|Any CPU.ActiveCfg = Release|Any CPU
		{0D38E57F-3588-4CD5-9C92-A7A0CB4D097A}.Release|Any CPU.Build.0 = Release|Any CPU
	EndGlobalSection
	GlobalSection(SolutionProperties) = preSolution
		HideSolutionNode = FALSE
	EndGlobalSection
EndGlobal
